github.com/Microsoft/go-winio v0.5.0 h1:Elr9Wn+sGKPlkaBvwu4mTrxtmOp3F3yV9qhaHbXGjwU=
github.com/Microsoft/go-winio v0.5.0/go.mod h1:JPGBdM1cNvN/6ISo+n8V5iA4v8pBzdOpzfwIujj1a84=
github.com/Microsoft/go-winio v0.5.2 h1:a9IhgEQBCUEk6QCdml9CiJGhAws+YwffDHEMp1VMrpA=
github.com/Microsoft/go-winio v0.5.2/go.mod h1:WpS1mjBmmwHBEWmogvA2mj8546UReBk4v8QkMxJ6pZY=
github.com/Velocidex/json v0.0.0-20220224052537-92f3c0326e5a h1:AeXPUzhU0yhID/v5JJEIkjaE85ASe+Vh4Kuv1RSLL+4=
github.com/Velocidex/json v0.0.0-20220224052537-92f3c0326e5a/go.mod h1:ukJBuruT9b24pdgZwWDvOaCYHeS03B7oQPCUWh25bwM=
github.com/Velocidex/ordereddict v0.0.0-20200723153557-9460a6764ab8 h1:wRt5CLsj5hS3OpJjQYJMuUrmxKwRfUn76+4sqjfmNbA=
github.com/Velocidex/ordereddict v0.0.0-20200723153557-9460a6764ab8/go.mod h1:pxJpvN5ISMtDwrdIdqnJ3ZrjIngCw+WT6gfNil6Zjvo=
github.com/Velocidex/ordereddict v0.0.0-20220428153415-da46091cd216 h1:dVwtzsWggC8DiClwbwck+qj6+S0WatVIYyqlwdC8elc=
github.com/Velocidex/ordereddict v0.0.0-20220428153415-da46091cd216/go.mod h1:XJDUbaGh2U9e0z78L5O2OXf1hE1wSxnJ7nSlQmA+bIs=
github.com/Velocidex/yaml/v2 v2.2.8 h1:GUrSy4SBJ6RjGt43k6MeBKtw2z/27gh4A3hfFmFY3No=
github.com/Velocidex/yaml/v2 v2.2.8/go.mod h1:PlXIg/Pxmoja48C1vMHo7C5pauAZvLq/UEPOQ3DsjS4=
github.com/alecthomas/assert v0.0.0-20170929043011-405dbfeb8e38 h1:smF2tmSOzy2Mm+0dGI2AIUHY+w0BUc+4tn40djz7+6U=
github.com/alecthomas/assert v0.0.0-20170929043011-405dbfeb8e38/go.mod h1:r7bzyVFMNntcxPZXK3/+KdruV1H5KSlyVY0gc+NgInI=
github.com/alecthomas/colour v0.1.0 h1:nOE9rJm6dsZ66RGWYSFrXw461ZIt9A6+nHgL7FRrDUk=
github.com/alecthomas/colour v0.1.0/go.mod h1:QO9JBoKquHd+jz9nshCh40fOfO+JzsoXy8qTHF68zU0=
github.com/alecthomas/repr v0.0.0-20181024024818-d37bc2a10ba1/go.mod h1:xTS7Pm1pD1mvyM075QCDSRqH6qRLXylzS24ZTpRiSzQ=
github.com/alecthomas/repr v0.0.0-20201120212035-bb82daffcca2 h1:G5TeG64Ox4OWq2YwlsxS7nOedU8vbGgNRTRDAjGvDCk=
github.com/alecthomas/repr v0.0.0-20201120212035-bb82daffcca2/go.mod h1:2kn6fqh/zIyPLmm3ugklbEi5hg5wS435eygvNfaDQL8=
github.com/alecthomas/repr v0.0.0-20210801044451-80ca428c5142 h1:8Uy0oSf5co/NZXje7U1z8Mpep++QJOldL2hs/sBQf48=
github.com/alecthomas/repr v0.0.0-20210801044451-80ca428c5142/go.mod h1:2kn6fqh/zIyPLmm3ugklbEi5hg5wS435eygvNfaDQL8=
github.com/alecthomas/template v0.0.0-20190718012654-fb15b899a751/go.mod h1:LOuyumcjzFXgccqObfd/Ljyb9UuFJ6TxHnclSeseNhc=
github.com/alecthomas/units v0.0.0-20190924025748-f65c72e2690d/go.mod h1:rBZYJk541a8SKzHPHnH3zbiI+7dagKZ0cgpgrD7Fyho=
github.com/audibleblink/bamflags v0.2.0 h1:xLsR8OO2mmbhpQglTvSKNJMnmQMI9L884eJ15zbu4mI=
github.com/audibleblink/bamflags v0.2.0/go.mod h1:zpuLMpykftgB88SHYGBa1urg0uHn01R2pjeBed+JhB8=
github.com/audibleblink/bamflags v1.0.0 h1:Ul07TOyv5Ht7/u3GsIQDUy++eiKB8q+Nvah6AgEWB8k=
github.com/audibleblink/bamflags v1.0.0/go.mod h1:zpuLMpykftgB88SHYGBa1urg0uHn01R2pjeBed+JhB8=
github.com/audibleblink/go-winacl v0.0.2 h1:oNtkwxATcaYbWemr2MQcb1+rT8bZVZCq2GA56URTxR8=
github.com/audibleblink/go-winacl v0.0.2/go.mod h1:2PxrQ68QRDbtf0uBUsMmlmTL/jB1uZ5XHIptAoZ1ZkQ=
github.com/davecgh/go-spew v1.1.0/go.mod h1:J7Y8YcW2NihsgmVo/mv3lAwl/skON4iLHjSsI+c5H38=
github.com/davecgh/go-spew v1.1.1 h1:vj9j/u1bqnvCEfJOwUhtlOARqs3+rkHYY13jYWTU97c=
github.com/davecgh/go-spew v1.1.1/go.mod h1:J7Y8YcW2NihsgmVo/mv3lAwl/skON4iLHjSsI+c5H38=
github.com/kr/pretty v0.1.0/go.mod h1:dAy3ld7l9f0ibDNOQOHHMYYIIbhfbHSm3C4ZsoJORNo=
github.com/kr/pty v1.1.1/go.mod h1:pFQYn66WHrOpPYNljwOMqo10TkYh1fy3cYio2l3bCsQ=
github.com/kr/text v0.1.0/go.mod h1:4Jbv+DJW3UT/LiOwJeYQe1efqtUx/iVham/4vfdArNI=
github.com/mattn/go-isatty v0.0.12 h1:wuysRhFDzyxgEmMf5xjvJ2M9dZoWAXNNr5LSBS7uHXY=
github.com/mattn/go-isatty v0.0.12/go.mod h1:cbi8OIDigv2wuxKPP5vlRcQ1OAZbq2CE4Kysco4FUpU=
github.com/pkg/errors v0.8.1/go.mod h1:bwawxfHBFNV+L2hUp1rHADufV3IMtnDRdf1r5NINEl0=
github.com/pkg/errors v0.9.1/go.mod h1:bwawxfHBFNV+L2hUp1rHADufV3IMtnDRdf1r5NINEl0=
github.com/pmezard/go-difflib v1.0.0 h1:4DBwDE0NGyQoBHbLQYPwSUPoCMWR5BEzIk/f1lZbAQM=
github.com/pmezard/go-difflib v1.0.0/go.mod h1:iKH77koFhYxTK1pcRnkKkqfTogsbg7gZNVY4sRDYZ/4=
github.com/sebdah/goldie v1.0.0 h1:9GNhIat69MSlz/ndaBg48vl9dF5fI+NBB6kfOxgfkMc=
github.com/sebdah/goldie v1.0.0/go.mod h1:jXP4hmWywNEwZzhMuv2ccnqTSFpuq8iyQhtQdkkZBH4=
github.com/sebdah/goldie/v2 v2.5.3 h1:9ES/mNN+HNUbNWpVAlrzuZ7jE+Nrczbj8uFRjM7624Y=
github.com/sebdah/goldie/v2 v2.5.3/go.mod h1:oZ9fp0+se1eapSRjfYbsV/0Hqhbuu3bJVvKI/NNtssI=
github.com/sergi/go-diff v1.0.0/go.mod h1:0CfEIISq7TuYL3j771MWULgwwjU+GofnZX9QAmXWZgo=
github.com/sergi/go-diff v1.1.0 h1:we8PVUC3FE2uYfodKH/nBHMSetSfHDR6scGdBi+erh0=
github.com/sergi/go-diff v1.1.0/go.mod h1:STckp+ISIX8hZLjrqAeVduY0gWCT9IjLuqbuNXdaHfM=
github.com/sirupsen/logrus v1.7.0/go.mod h1:yWOB1SBYBC5VeMP7gHvWumXLIWorT60ONWic61uBYv0=
github.com/stretchr/objx v0.1.0/go.mod h1:HFkY916IF+rwdDfMAkV7OtwuqBVzrE8GR6GFx+wExME=
github.com/stretchr/testify v1.2.2/go.mod h1:a8OnRcib4nhh0OaRAV+Yts87kKdq0PP7pXfy6kDkUVs=
github.com/stretchr/testify v1.3.0/go.mod h1:M5WIy9Dh21IEIfnGCwXGc5bZfKNJtfHm1UVUgZn+9EI=
github.com/stretchr/testify v1.4.0/go.mod h1:j7eGeouHqKxXV5pUuKE4zz7dFj8WfuZ+81PSLYec5m4=
github.com/stretchr/testify v1.5.1/go.mod h1:5W2xD1RspED5o8YsWQXVCued0rvSQ+mT+I5cxcmMvtA=
github.com/stretchr/testify v1.7.0 h1:nwc3DEeHmmLAfoZucVR881uASk0Mfjw8xYJ99tb5CcY=
github.com/stretchr/testify v1.7.0/go.mod h1:6Fq8oRcR53rry900zMqJjRRixrwX3KX962/h/Wwjteg=
golang.org/x/sys v0.0.0-20191026070338-33540a1f6037/go.mod h1:h1NjWce9XRLGQEsW7wpKNCjG9DtNlClVuFLEZdDNbEs=
golang.org/x/sys v0.0.0-20200116001909-b77594299b42/go.mod h1:h1NjWce9XRLGQEsW7wpKNCjG9DtNlClVuFLEZdDNbEs=
golang.org/x/sys v0.0.0-20210124154548-22da62e12c0c/go.mod h1:h1NjWce9XRLGQEsW7wpKNCjG9DtNlClVuFLEZdDNbEs=
golang.org/x/sys v0.0.0-20210823070655-63515b42dcdf h1:2ucpDCmfkl8Bd/FsLtiD653Wf96cW37s+iGx93zsu4k=
golang.org/x/sys v0.0.0-20210823070655-63515b42dcdf/go.mod h1:oPkhp1MJrh7nUepCBck5+mAzfO9JrbApNNgaTdGDITg=
golang.org/x/sys v0.0.0-20220503163025-988cb79eb6c6 h1:nonptSpoQ4vQjyraW20DXPAglgQfVnM9ZC6MmNLMR60=
golang.org/x/sys v0.0.0-20220503163025-988cb79eb6c6/go.mod h1:oPkhp1MJrh7nUepCBck5+mAzfO9JrbApNNgaTdGDITg=
gopkg.in/alecthomas/kingpin.v2 v2.2.6/go.mod h1:FMv+mEhP44yOT+4EoQTLFTRgOQ1FBLkstjWtayDeSgw=
gopkg.in/check.v1 v0.0.0-20161208181325-20d25e280405/go.mod h1:Co6ibVJAznAaIkqp8huTwlJQCZ016jof/cbN4VW5Yz0=
gopkg.in/check.v1 v1.0.0-20190902080502-41f04d3bba15/go.mod h1:Co6ibVJAznAaIkqp8huTwlJQCZ016jof/cbN4VW5Yz0=
gopkg.in/yaml.v2 v2.2.2/go.mod h1:hI93XBmqTisBFMUTm0b8Fm+jr3Dg1NNxqwp+5A1VGuI=
gopkg.in/yaml.v2 v2.2.4/go.mod h1:hI93XBmqTisBFMUTm0b8Fm+jr3Dg1NNxqwp+5A1VGuI=
gopkg.in/yaml.v3 v3.0.0-20200313102051-9f266ea9e77c h1:dUUwHk2QECo/6vqA44rthZ8ie2QXMNeKRTHCNY2nXvo=
gopkg.in/yaml.v3 v3.0.0-20200313102051-9f266ea9e77c/go.mod h1:K4uyk7z7BCEPqu6E+C64Yfv1cQ7kz7rIZviUmN+EgEM=
gopkg.in/yaml.v3 v3.0.0-20210107192922-496545a6307b/go.mod h1:K4uyk7z7BCEPqu6E+C64Yfv1cQ7kz7rIZviUmN+EgEM=
www.velocidex.com/golang/binparsergen v0.1.0 h1:oNsMHGnlb4jrGwxKxqqmsics6FgYin3HR5UNtLXc8S0=
www.velocidex.com/golang/binparsergen v0.1.0/go.mod h1:UC43Ecj0mjsidlClTYZ3H4dXdyv7CVI0HsYi4yY3qtc=
www.velocidex.com/golang/go-pe v0.1.1-0.20210201082132-138370e90206 h1:HjtDsvQkqBHdVfEkQZMt0k7q5sFwaxNokXW84j8A7qs=
www.velocidex.com/golang/go-pe v0.1.1-0.20210201082132-138370e90206/go.mod h1:rxfWRhBUCf1cCK5QE8FziLr0b3dLGqBLFiqRaRlAuOc=
